
Microsoft Visual Studio Solution File, Format Version 12.00
# Visual Studio Version 17
VisualStudioVersion = 17.6.33723.286
MinimumVisualStudioVersion = 10.0.40219.1
Project("{8BC9CEB8-8B4A-11D0-8D11-00A0C91BC942}") = "Functions", "Functions\Functions.vcxproj", "{929DD9F2-9F47-4871-80F4-67865590045F}"
EndProject
Project("{8BC9CEB8-8B4A-11D0-8D11-00A0C91BC942}") = "Arrays", "Arrays\Arrays.vcxproj", "{BE893DD7-871F-445D-B46D-13E576B6A951}"
EndProject
Project("{8BC9CEB8-8B4A-11D0-8D11-00A0C91BC942}") = "Recursion", "Recursion\Recursion.vcxproj", "{0B1CFFA7-AA68-41C5-8504-A67F31698145}"
EndProject
Project("{8BC9CEB8-8B4A-11D0-8D11-00A0C91BC942}") = "TicTacToe", "TicTacToe\TicTacToe.vcxproj", "{93D35360-16A1-47E2-B60C-60BCF986053D}"
EndProject
Project("{8BC9CEB8-8B4A-11D0-8D11-00A0C91BC942}") = "TicTacToeRec", "TicTacToeRec\TicTacToeRec.vcxproj", "{E6BAFEAA-6A7D-4871-897A-E30D1BA5A842}"
EndProject
Project("{8BC9CEB8-8B4A-11D0-8D11-00A0C91BC942}") = "Arrays_lib_test", "Arrays_lib_test\Arrays_lib_test.vcxproj", "{6D05D37B-9804-4C67-9212-1A2F7CD6C86D}"
EndProject
Global
	GlobalSection(SolutionConfigurationPlatforms) = preSolution
		Debug|x64 = Debug|x64
		Debug|x86 = Debug|x86
		Release|x64 = Release|x64
		Release|x86 = Release|x86
	EndGlobalSection
	GlobalSection(ProjectConfigurationPlatforms) = postSolution
		{929DD9F2-9F47-4871-80F4-67865590045F}.Debug|x64.ActiveCfg = Debug|x64
		{929DD9F2-9F47-4871-80F4-67865590045F}.Debug|x64.Build.0 = Debug|x64
		{929DD9F2-9F47-4871-80F4-67865590045F}.Debug|x86.ActiveCfg = Debug|Win32
		{929DD9F2-9F47-4871-80F4-67865590045F}.Debug|x86.Build.0 = Debug|Win32
		{929DD9F2-9F47-4871-80F4-67865590045F}.Release|x64.ActiveCfg = Release|x64
		{929DD9F2-9F47-4871-80F4-67865590045F}.Release|x64.Build.0 = Release|x64
		{929DD9F2-9F47-4871-80F4-67865590045F}.Release|x86.ActiveCfg = Release|Win32
		{929DD9F2-9F47-4871-80F4-67865590045F}.Release|x86.Build.0 = Release|Win32
		{BE893DD7-871F-445D-B46D-13E576B6A951}.Debug|x64.ActiveCfg = Debug|x64
		{BE893DD7-871F-445D-B46D-13E576B6A951}.Debug|x64.Build.0 = Debug|x64
		{BE893DD7-871F-445D-B46D-13E576B6A951}.Debug|x86.ActiveCfg = Debug|Win32
		{BE893DD7-871F-445D-B46D-13E576B6A951}.Debug|x86.Build.0 = Debug|Win32
		{BE893DD7-871F-445D-B46D-13E576B6A951}.Release|x64.ActiveCfg = Release|x64
		{BE893DD7-871F-445D-B46D-13E576B6A951}.Release|x64.Build.0 = Release|x64
		{BE893DD7-871F-445D-B46D-13E576B6A951}.Release|x86.ActiveCfg = Release|Win32
		{BE893DD7-871F-445D-B46D-13E576B6A951}.Release|x86.Build.0 = Release|Win32
		{0B1CFFA7-AA68-41C5-8504-A67F31698145}.Debug|x64.ActiveCfg = Debug|x64
		{0B1CFFA7-AA68-41C5-8504-A67F31698145}.Debug|x64.Build.0 = Debug|x64
		{0B1CFFA7-AA68-41C5-8504-A67F31698145}.Debug|x86.ActiveCfg = Debug|Win32
		{0B1CFFA7-AA68-41C5-8504-A67F31698145}.Debug|x86.Build.0 = Debug|Win32
		{0B1CFFA7-AA68-41C5-8504-A67F31698145}.Release|x64.ActiveCfg = Release|x64
		{0B1CFFA7-AA68-41C5-8504-A67F31698145}.Release|x64.Build.0 = Release|x64
		{0B1CFFA7-AA68-41C5-8504-A67F31698145}.Release|x86.ActiveCfg = Release|Win32
		{0B1CFFA7-AA68-41C5-8504-A67F31698145}.Release|x86.Build.0 = Release|Win32
		{93D35360-16A1-47E2-B60C-60BCF986053D}.Debug|x64.ActiveCfg = Debug|x64
		{93D35360-16A1-47E2-B60C-60BCF986053D}.Debug|x64.Build.0 = Debug|x64
		{93D35360-16A1-47E2-B60C-60BCF986053D}.Debug|x86.ActiveCfg = Debug|Win32
		{93D35360-16A1-47E2-B60C-60BCF986053D}.Debug|x86.Build.0 = Debug|Win32
		{93D35360-16A1-47E2-B60C-60BCF986053D}.Release|x64.ActiveCfg = Release|x64
		{93D35360-16A1-47E2-B60C-60BCF986053D}.Release|x64.Build.0 = Release|x64
		{93D35360-16A1-47E2-B60C-60BCF986053D}.Release|x86.ActiveCfg = Release|Win32
		{93D35360-16A1-47E2-B60C-60BCF986053D}.Release|x86.Build.0 = Release|Win32
		{E6BAFEAA-6A7D-4871-897A-E30D1BA5A842}.Debug|x64.ActiveCfg = Debug|x64
		{E6BAFEAA-6A7D-4871-897A-E30D1BA5A842}.Debug|x64.Build.0 = Debug|x64
		{E6BAFEAA-6A7D-4871-897A-E30D1BA5A842}.Debug|x86.ActiveCfg = Debug|Win32
		{E6BAFEAA-6A7D-4871-897A-E30D1BA5A842}.Debug|x86.Build.0 = Debug|Win32
		{E6BAFEAA-6A7D-4871-897A-E30D1BA5A842}.Release|x64.ActiveCfg = Release|x64
		{E6BAFEAA-6A7D-4871-897A-E30D1BA5A842}.Release|x64.Build.0 = Release|x64
		{E6BAFEAA-6A7D-4871-897A-E30D1BA5A842}.Release|x86.ActiveCfg = Release|Win32
		{E6BAFEAA-6A7D-4871-897A-E30D1BA5A842}.Release|x86.Build.0 = Release|Win32
		{6D05D37B-9804-4C67-9212-1A2F7CD6C86D}.Debug|x64.ActiveCfg = Debug|x64
		{6D05D37B-9804-4C67-9212-1A2F7CD6C86D}.Debug|x64.Build.0 = Debug|x64
		{6D05D37B-9804-4C67-9212-1A2F7CD6C86D}.Debug|x86.ActiveCfg = Debug|Win32
		{6D05D37B-9804-4C67-9212-1A2F7CD6C86D}.Debug|x86.Build.0 = Debug|Win32
		{6D05D37B-9804-4C67-9212-1A2F7CD6C86D}.Release|x64.ActiveCfg = Release|x64
		{6D05D37B-9804-4C67-9212-1A2F7CD6C86D}.Release|x64.Build.0 = Release|x64
		{6D05D37B-9804-4C67-9212-1A2F7CD6C86D}.Release|x86.ActiveCfg = Release|Win32
		{6D05D37B-9804-4C67-9212-1A2F7CD6C86D}.Release|x86.Build.0 = Release|Win32
	EndGlobalSection
	GlobalSection(SolutionProperties) = preSolution
		HideSolutionNode = FALSE
	EndGlobalSection
	GlobalSection(ExtensibilityGlobals) = postSolution
		SolutionGuid = {78EED51A-71FE-478B-AEA7-54D850D30F72}
	EndGlobalSection
EndGlobal
